
Microsoft Visual Studio Solution File, Format Version 12.00
# Visual Studio Version 16
VisualStudioVersion = 16.0.31911.196
MinimumVisualStudioVersion = 10.0.40219.1
Project("{FAE04EC0-301F-11D3-BF4B-00C04F79EFBC}") = "crudcalisma", "crudcalisma\crudcalisma.csproj", "{E51C5C79-CC1C-4813-A0D2-794B08DCF80D}"
EndProject
Global
	GlobalSection(SolutionConfigurationPlatforms) = preSolution
		Debug|Any CPU = Debug|Any CPU
		Release|Any CPU = Release|Any CPU
	EndGlobalSection
	GlobalSection(ProjectConfigurationPlatforms) = postSolution
		{E51C5C79-CC1C-4813-A0D2-794B08DCF80D}.Debug|Any CPU.ActiveCfg = Debug|Any CPU
		{E51C5C79-CC1C-4813-A0D2-794B08DCF80D}.Debug|Any CPU.Build.0 = Debug|Any CPU
		{E51C5C79-CC1C-4813-A0D2-794B08DCF80D}.Release|Any CPU.ActiveCfg = Release|Any CPU
		{E51C5C79-CC1C-4813-A0D2-794B08DCF80D}.Release|Any CPU.Build.0 = Release|Any CPU
	EndGlobalSection
	GlobalSection(SolutionProperties) = preSolution
		HideSolutionNode = FALSE
	EndGlobalSection
	GlobalSection(ExtensibilityGlobals) = postSolution
		SolutionGuid = {DC355F9B-CFBA-4913-8A26-704D29FBCA56}
	EndGlobalSection
EndGlobal
